Microsoft Visual Studio Solution File, Format Version 12.00
# Visual Studio Version 17
VisualStudioVersion = 17.5.2.0
MinimumVisualStudioVersion = 10.0.40219.1
Project("{FAE04EC0-301F-11D3-BF4B-00C04F79EFBC}") = "MyWebApiApp", "MyWebApiApp.csproj", "{F47AD633-0776-3B3B-7836-6F5567032705}"
EndProject
Global
	GlobalSection(SolutionConfigurationPlatforms) = preSolution
		Debug|Any CPU = Debug|Any CPU
		Release|Any CPU = Release|Any CPU
	EndGlobalSection
	GlobalSection(ProjectConfigurationPlatforms) = postSolution
		{F47AD633-0776-3B3B-7836-6F5567032705}.Debug|Any CPU.ActiveCfg = Debug|Any CPU
		{F47AD633-0776-3B3B-7836-6F5567032705}.Debug|Any CPU.Build.0 = Debug|Any CPU
		{F47AD633-0776-3B3B-7836-6F5567032705}.Release|Any CPU.ActiveCfg = Release|Any CPU
		{F47AD633-0776-3B3B-7836-6F5567032705}.Release|Any CPU.Build.0 = Release|Any CPU
	EndGlobalSection
	GlobalSection(SolutionProperties) = preSolution
		HideSolutionNode = FALSE
	EndGlobalSection
	GlobalSection(ExtensibilityGlobals) = postSolution
		SolutionGuid = {77E79437-D94B-46AF-B41C-05CC28784585}
	EndGlobalSection
EndGlobal
